
Microsoft Visual Studio Solution File, Format Version 12.00
# Visual Studio Version 16
VisualStudioVersion = 16.0.31205.134
MinimumVisualStudioVersion = 10.0.40219.1
Project("{FAE04EC0-301F-11D3-BF4B-00C04F79EFBC}") = "FrameworkDAL", "FrameworkDAL\FrameworkDAL.csproj", "{157A0928-4A6C-45C3-B47B-B32F3657A7C4}"
EndProject
Project("{FAE04EC0-301F-11D3-BF4B-00C04F79EFBC}") = "MyTradeJournal", "MyTradeJournal\MyTradeJournal.csproj", "{BF52F38D-1CA5-449F-8F74-C0FC4EAA739F}"
EndProject
Project("{FAE04EC0-301F-11D3-BF4B-00C04F79EFBC}") = "MyTradeJournal.Tests", "MyTradeJournal.Tests\MyTradeJournal.Tests.csproj", "{17153717-C050-40C9-8D7E-A8BAC29AAC96}"
EndProject
Global
	GlobalSection(SolutionConfigurationPlatforms) = preSolution
		Debug|Any CPU = Debug|Any CPU
		Release|Any CPU = Release|Any CPU
	EndGlobalSection
	GlobalSection(ProjectConfigurationPlatforms) = postSolution
		{157A0928-4A6C-45C3-B47B-B32F3657A7C4}.Debug|Any CPU.ActiveCfg = Debug|Any CPU
		{157A0928-4A6C-45C3-B47B-B32F3657A7C4}.Debug|Any CPU.Build.0 = Debug|Any CPU
		{157A0928-4A6C-45C3-B47B-B32F3657A7C4}.Release|Any CPU.ActiveCfg = Release|Any CPU
		{157A0928-4A6C-45C3-B47B-B32F3657A7C4}.Release|Any CPU.Build.0 = Release|Any CPU
		{BF52F38D-1CA5-449F-8F74-C0FC4EAA739F}.Debug|Any CPU.ActiveCfg = Debug|Any CPU
		{BF52F38D-1CA5-449F-8F74-C0FC4EAA739F}.Debug|Any CPU.Build.0 = Debug|Any CPU
		{BF52F38D-1CA5-449F-8F74-C0FC4EAA739F}.Release|Any CPU.ActiveCfg = Release|Any CPU
		{BF52F38D-1CA5-449F-8F74-C0FC4EAA739F}.Release|Any CPU.Build.0 = Release|Any CPU
		{17153717-C050-40C9-8D7E-A8BAC29AAC96}.Debug|Any CPU.ActiveCfg = Debug|Any CPU
		{17153717-C050-40C9-8D7E-A8BAC29AAC96}.Debug|Any CPU.Build.0 = Debug|Any CPU
		{17153717-C050-40C9-8D7E-A8BAC29AAC96}.Release|Any CPU.ActiveCfg = Release|Any CPU
		{17153717-C050-40C9-8D7E-A8BAC29AAC96}.Release|Any CPU.Build.0 = Release|Any CPU
	EndGlobalSection
	GlobalSection(SolutionProperties) = preSolution
		HideSolutionNode = FALSE
	EndGlobalSection
	GlobalSection(ExtensibilityGlobals) = postSolution
		SolutionGuid = {3213FE5E-3B21-4C2E-A81F-820178C2D1D9}
	EndGlobalSection
EndGlobal
